
Microsoft Visual Studio Solution File, Format Version 12.00
# Visual Studio Version 17
VisualStudioVersion = 17.10.34825.169
MinimumVisualStudioVersion = 10.0.40219.1
Project("{FAE04EC0-301F-11D3-BF4B-00C04F79EFBC}") = "Perfectoo", "Perfectoo\Perfectoo.csproj", "{D43A9D9C-CEF7-45D6-BF49-C550B184DF25}"
EndProject
Global
	GlobalSection(SolutionConfigurationPlatforms) = preSolution
		Debug|Any CPU = Debug|Any CPU
		Release|Any CPU = Release|Any CPU
	EndGlobalSection
	GlobalSection(ProjectConfigurationPlatforms) = postSolution
		{D43A9D9C-CEF7-45D6-BF49-C550B184DF25}.Debug|Any CPU.ActiveCfg = Debug|Any CPU
		{D43A9D9C-CEF7-45D6-BF49-C550B184DF25}.Debug|Any CPU.Build.0 = Debug|Any CPU
		{D43A9D9C-CEF7-45D6-BF49-C550B184DF25}.Release|Any CPU.ActiveCfg = Release|Any CPU
		{D43A9D9C-CEF7-45D6-BF49-C550B184DF25}.Release|Any CPU.Build.0 = Release|Any CPU
	EndGlobalSection
	GlobalSection(SolutionProperties) = preSolution
		HideSolutionNode = FALSE
	EndGlobalSection
	GlobalSection(ExtensibilityGlobals) = postSolution
		SolutionGuid = {C8DD526A-FF09-4FF9-A30F-B862F42D72D6}
	EndGlobalSection
EndGlobal
